
Microsoft Visual Studio Solution File, Format Version 12.00
# Visual Studio 2013
VisualStudioVersion = 12.0.21005.1
MinimumVisualStudioVersion = 10.0.40219.1
Project("{FAE04EC0-301F-11D3-BF4B-00C04F79EFBC}") = "MCFire", "MCFire\MCFire.csproj", "{28074F5E-4369-4210-8008-F1CF2D3A2CC6}"
EndProject
Project("{FAE04EC0-301F-11D3-BF4B-00C04F79EFBC}") = "Substrate (NET4)", "Substrate\Substrate (NET4).csproj", "{7264A1C4-AB4A-4437-B252-7379B98B5509}"
EndProject
Project("{2150E333-8FDC-42A3-9474-1A3956D46DE8}") = ".nuget", ".nuget", "{302926BA-FB54-4217-9EAC-7CA238C4E4BE}"
	ProjectSection(SolutionItems) = preProject
		.nuget\NuGet.Config = .nuget\NuGet.Config
		.nuget\NuGet.exe = .nuget\NuGet.exe
		.nuget\NuGet.targets = .nuget\NuGet.targets
	EndProjectSection
EndProject
Project("{FAE04EC0-301F-11D3-BF4B-00C04F79EFBC}") = "BlockPalette", "BlockPalette\BlockPalette.csproj", "{8E6AD770-AE0B-4615-9CA2-E123D7C3E67C}"
EndProject
Project("{F088123C-0E9E-452A-89E6-6BA2F21D5CAC}") = "MCFire.Architecture", "MCFire.Architecture\MCFire.Architecture.modelproj", "{3E73EA63-8BAF-4046-B041-0AB3A7F2067C}"
EndProject
Project("{FAE04EC0-301F-11D3-BF4B-00C04F79EFBC}") = "MCFire.Common", "MCFire.Common\MCFire.Common.csproj", "{480A40B7-F8D6-4105-AEB3-68B75FA81E42}"
EndProject
Project("{FAE04EC0-301F-11D3-BF4B-00C04F79EFBC}") = "MCFire.Core", "MCFire.Core\MCFire.Core.csproj", "{6C5EF8E7-A261-4504-95FF-2FA064767EB9}"
EndProject
Project("{FAE04EC0-301F-11D3-BF4B-00C04F79EFBC}") = "MCFire.Graphics", "MCFire.Graphics\MCFire.Graphics.csproj", "{8F1D0056-BC80-4241-B540-86796B735167}"
EndProject
Project("{FAE04EC0-301F-11D3-BF4B-00C04F79EFBC}") = "MCFire.Client", "MCFire.Client\MCFire.Client.csproj", "{F2F65A31-E3F1-4F73-93E2-E9E395F1260E}"
EndProject
Project("{FAE04EC0-301F-11D3-BF4B-00C04F79EFBC}") = "MCFire.Client.Gui", "MCFire.Client.Gui\MCFire.Client.Gui.csproj", "{33005321-DE5E-4511-80F2-B39FAFC12A3E}"
EndProject
Global
	GlobalSection(SolutionConfigurationPlatforms) = preSolution
		Debug|Any CPU = Debug|Any CPU
		Editor|Any CPU = Editor|Any CPU
		FirstRun|Any CPU = FirstRun|Any CPU
		Release|Any CPU = Release|Any CPU
	EndGlobalSection
	GlobalSection(ProjectConfigurationPlatforms) = postSolution
		{28074F5E-4369-4210-8008-F1CF2D3A2CC6}.Debug|Any CPU.ActiveCfg = Debug|Any CPU
		{28074F5E-4369-4210-8008-F1CF2D3A2CC6}.Debug|Any CPU.Build.0 = Debug|Any CPU
		{28074F5E-4369-4210-8008-F1CF2D3A2CC6}.Editor|Any CPU.ActiveCfg = Editor|Any CPU
		{28074F5E-4369-4210-8008-F1CF2D3A2CC6}.Editor|Any CPU.Build.0 = Editor|Any CPU
		{28074F5E-4369-4210-8008-F1CF2D3A2CC6}.FirstRun|Any CPU.ActiveCfg = FirstRun|Any CPU
		{28074F5E-4369-4210-8008-F1CF2D3A2CC6}.FirstRun|Any CPU.Build.0 = FirstRun|Any CPU
		{28074F5E-4369-4210-8008-F1CF2D3A2CC6}.Release|Any CPU.ActiveCfg = Release|Any CPU
		{28074F5E-4369-4210-8008-F1CF2D3A2CC6}.Release|Any CPU.Build.0 = Release|Any CPU
		{7264A1C4-AB4A-4437-B252-7379B98B5509}.Debug|Any CPU.ActiveCfg = Debug|Any CPU
		{7264A1C4-AB4A-4437-B252-7379B98B5509}.Debug|Any CPU.Build.0 = Debug|Any CPU
		{7264A1C4-AB4A-4437-B252-7379B98B5509}.Editor|Any CPU.ActiveCfg = Release|Any CPU
		{7264A1C4-AB4A-4437-B252-7379B98B5509}.Editor|Any CPU.Build.0 = Release|Any CPU
		{7264A1C4-AB4A-4437-B252-7379B98B5509}.FirstRun|Any CPU.ActiveCfg = Release|Any CPU
		{7264A1C4-AB4A-4437-B252-7379B98B5509}.FirstRun|Any CPU.Build.0 = Release|Any CPU
		{7264A1C4-AB4A-4437-B252-7379B98B5509}.Release|Any CPU.ActiveCfg = Release|Any CPU
		{7264A1C4-AB4A-4437-B252-7379B98B5509}.Release|Any CPU.Build.0 = Release|Any CPU
		{8E6AD770-AE0B-4615-9CA2-E123D7C3E67C}.Debug|Any CPU.ActiveCfg = Debug|Any CPU
		{8E6AD770-AE0B-4615-9CA2-E123D7C3E67C}.Debug|Any CPU.Build.0 = Debug|Any CPU
		{8E6AD770-AE0B-4615-9CA2-E123D7C3E67C}.Editor|Any CPU.ActiveCfg = Release|Any CPU
		{8E6AD770-AE0B-4615-9CA2-E123D7C3E67C}.Editor|Any CPU.Build.0 = Release|Any CPU
		{8E6AD770-AE0B-4615-9CA2-E123D7C3E67C}.FirstRun|Any CPU.ActiveCfg = Release|Any CPU
		{8E6AD770-AE0B-4615-9CA2-E123D7C3E67C}.FirstRun|Any CPU.Build.0 = Release|Any CPU
		{8E6AD770-AE0B-4615-9CA2-E123D7C3E67C}.Release|Any CPU.ActiveCfg = Release|Any CPU
		{8E6AD770-AE0B-4615-9CA2-E123D7C3E67C}.Release|Any CPU.Build.0 = Release|Any CPU
		{3E73EA63-8BAF-4046-B041-0AB3A7F2067C}.Debug|Any CPU.ActiveCfg = Debug|Any CPU
		{3E73EA63-8BAF-4046-B041-0AB3A7F2067C}.Debug|Any CPU.Build.0 = Debug|Any CPU
		{3E73EA63-8BAF-4046-B041-0AB3A7F2067C}.Editor|Any CPU.ActiveCfg = Release|Any CPU
		{3E73EA63-8BAF-4046-B041-0AB3A7F2067C}.Editor|Any CPU.Build.0 = Release|Any CPU
		{3E73EA63-8BAF-4046-B041-0AB3A7F2067C}.FirstRun|Any CPU.ActiveCfg = Release|Any CPU
		{3E73EA63-8BAF-4046-B041-0AB3A7F2067C}.FirstRun|Any CPU.Build.0 = Release|Any CPU
		{3E73EA63-8BAF-4046-B041-0AB3A7F2067C}.Release|Any CPU.ActiveCfg = Release|Any CPU
		{3E73EA63-8BAF-4046-B041-0AB3A7F2067C}.Release|Any CPU.Build.0 = Release|Any CPU
		{480A40B7-F8D6-4105-AEB3-68B75FA81E42}.Debug|Any CPU.ActiveCfg = Debug|Any CPU
		{480A40B7-F8D6-4105-AEB3-68B75FA81E42}.Debug|Any CPU.Build.0 = Debug|Any CPU
		{480A40B7-F8D6-4105-AEB3-68B75FA81E42}.Editor|Any CPU.ActiveCfg = Release|Any CPU
		{480A40B7-F8D6-4105-AEB3-68B75FA81E42}.Editor|Any CPU.Build.0 = Release|Any CPU
		{480A40B7-F8D6-4105-AEB3-68B75FA81E42}.FirstRun|Any CPU.ActiveCfg = Release|Any CPU
		{480A40B7-F8D6-4105-AEB3-68B75FA81E42}.FirstRun|Any CPU.Build.0 = Release|Any CPU
		{480A40B7-F8D6-4105-AEB3-68B75FA81E42}.Release|Any CPU.ActiveCfg = Release|Any CPU
		{480A40B7-F8D6-4105-AEB3-68B75FA81E42}.Release|Any CPU.Build.0 = Release|Any CPU
		{6C5EF8E7-A261-4504-95FF-2FA064767EB9}.Debug|Any CPU.ActiveCfg = Debug|Any CPU
		{6C5EF8E7-A261-4504-95FF-2FA064767EB9}.Debug|Any CPU.Build.0 = Debug|Any CPU
		{6C5EF8E7-A261-4504-95FF-2FA064767EB9}.Editor|Any CPU.ActiveCfg = Release|Any CPU
		{6C5EF8E7-A261-4504-95FF-2FA064767EB9}.Editor|Any CPU.Build.0 = Release|Any CPU
		{6C5EF8E7-A261-4504-95FF-2FA064767EB9}.FirstRun|Any CPU.ActiveCfg = Release|Any CPU
		{6C5EF8E7-A261-4504-95FF-2FA064767EB9}.FirstRun|Any CPU.Build.0 = Release|Any CPU
		{6C5EF8E7-A261-4504-95FF-2FA064767EB9}.Release|Any CPU.ActiveCfg = Release|Any CPU
		{6C5EF8E7-A261-4504-95FF-2FA064767EB9}.Release|Any CPU.Build.0 = Release|Any CPU
		{8F1D0056-BC80-4241-B540-86796B735167}.Debug|Any CPU.ActiveCfg = Debug|Any CPU
		{8F1D0056-BC80-4241-B540-86796B735167}.Debug|Any CPU.Build.0 = Debug|Any CPU
		{8F1D0056-BC80-4241-B540-86796B735167}.Editor|Any CPU.ActiveCfg = Release|Any CPU
		{8F1D0056-BC80-4241-B540-86796B735167}.Editor|Any CPU.Build.0 = Release|Any CPU
		{8F1D0056-BC80-4241-B540-86796B735167}.FirstRun|Any CPU.ActiveCfg = Release|Any CPU
		{8F1D0056-BC80-4241-B540-86796B735167}.FirstRun|Any CPU.Build.0 = Release|Any CPU
		{8F1D0056-BC80-4241-B540-86796B735167}.Release|Any CPU.ActiveCfg = Release|Any CPU
		{8F1D0056-BC80-4241-B540-86796B735167}.Release|Any CPU.Build.0 = Release|Any CPU
		{F2F65A31-E3F1-4F73-93E2-E9E395F1260E}.Debug|Any CPU.ActiveCfg = Debug|Any CPU
		{F2F65A31-E3F1-4F73-93E2-E9E395F1260E}.Debug|Any CPU.Build.0 = Debug|Any CPU
		{F2F65A31-E3F1-4F73-93E2-E9E395F1260E}.Editor|Any CPU.ActiveCfg = Release|Any CPU
		{F2F65A31-E3F1-4F73-93E2-E9E395F1260E}.Editor|Any CPU.Build.0 = Release|Any CPU
		{F2F65A31-E3F1-4F73-93E2-E9E395F1260E}.FirstRun|Any CPU.ActiveCfg = Release|Any CPU
		{F2F65A31-E3F1-4F73-93E2-E9E395F1260E}.FirstRun|Any CPU.Build.0 = Release|Any CPU
		{F2F65A31-E3F1-4F73-93E2-E9E395F1260E}.Release|Any CPU.ActiveCfg = Release|Any CPU
		{F2F65A31-E3F1-4F73-93E2-E9E395F1260E}.Release|Any CPU.Build.0 = Release|Any CPU
		{33005321-DE5E-4511-80F2-B39FAFC12A3E}.Debug|Any CPU.ActiveCfg = Debug|Any CPU
		{33005321-DE5E-4511-80F2-B39FAFC12A3E}.Debug|Any CPU.Build.0 = Debug|Any CPU
		{33005321-DE5E-4511-80F2-B39FAFC12A3E}.Editor|Any CPU.ActiveCfg = Release|Any CPU
		{33005321-DE5E-4511-80F2-B39FAFC12A3E}.Editor|Any CPU.Build.0 = Release|Any CPU
		{33005321-DE5E-4511-80F2-B39FAFC12A3E}.FirstRun|Any CPU.ActiveCfg = Release|Any CPU
		{33005321-DE5E-4511-80F2-B39FAFC12A3E}.FirstRun|Any CPU.Build.0 = Release|Any CPU
		{33005321-DE5E-4511-80F2-B39FAFC12A3E}.Release|Any CPU.ActiveCfg = Release|Any CPU
		{33005321-DE5E-4511-80F2-B39FAFC12A3E}.Release|Any CPU.Build.0 = Release|Any CPU
	EndGlobalSection
	GlobalSection(SolutionProperties) = preSolution
		HideSolutionNode = FALSE
	EndGlobalSection
EndGlobal
